
Microsoft Visual Studio Solution File, Format Version 12.00
# Visual Studio Version 17
VisualStudioVersion = 17.1.32210.238
MinimumVisualStudioVersion = 10.0.40219.1
Project("{FAE04EC0-301F-11D3-BF4B-00C04F79EFBC}") = "LabWork10_Sort_Linq", "LabWork10_Sort_Linq\LabWork10_Sort_Linq.csproj", "{D3E58EC6-C0E9-4CFB-8F0D-25C382B06F23}"
EndProject
Global
	GlobalSection(SolutionConfigurationPlatforms) = preSolution
		Debug|Any CPU = Debug|Any CPU
		Release|Any CPU = Release|Any CPU
	EndGlobalSection
	GlobalSection(ProjectConfigurationPlatforms) = postSolution
		{D3E58EC6-C0E9-4CFB-8F0D-25C382B06F23}.Debug|Any CPU.ActiveCfg = Debug|Any CPU
		{D3E58EC6-C0E9-4CFB-8F0D-25C382B06F23}.Debug|Any CPU.Build.0 = Debug|Any CPU
		{D3E58EC6-C0E9-4CFB-8F0D-25C382B06F23}.Release|Any CPU.ActiveCfg = Release|Any CPU
		{D3E58EC6-C0E9-4CFB-8F0D-25C382B06F23}.Release|Any CPU.Build.0 = Release|Any CPU
	EndGlobalSection
	GlobalSection(SolutionProperties) = preSolution
		HideSolutionNode = FALSE
	EndGlobalSection
	GlobalSection(ExtensibilityGlobals) = postSolution
		SolutionGuid = {75F35371-2034-4BE5-AB32-68291972E53A}
	EndGlobalSection
EndGlobal
